{
  "name": "src",
  "lockfileVersion": 3,
  "requires": true,
  "packages": {
    "": {
      "dependencies": {
        "@solana-program/compute-budget": "^0.7.0",
        "@solana-program/system": "^0.7.0",
        "@solana-program/token-2022": "^0.4.0",
        "@solana/kit": "^2.1.0",
        "@xyflow/react": "^12.4.4"
      }
    },
    "node_modules/@solana-program/compute-budget": {
      "version": "0.7.0",
      "resolved": "https://registry.npmjs.org/@solana-program/compute-budget/-/compute-budget-0.7.0.tgz",
      "integrity": "sha512-/JJSE1fKO5zx7Z55Z2tLGWBDDi7tUE+xMlK8qqkHlY51KpqksMsIBzQMkG9Dqhoe2Cnn5/t3QK1nJKqW6eHzpg==",
      "license": "Apache-2.0",
      "peerDependencies": {
        "@solana/kit": "^2.1.0"
      }
    },
    "node_modules/@solana-program/system": {
      "version": "0.7.0",
      "resolved": "https://registry.npmjs.org/@solana-program/system/-/system-0.7.0.tgz",
      "integrity": "sha512-FKTBsKHpvHHNc1ATRm7SlC5nF/VdJtOSjldhcyfMN9R7xo712Mo2jHIzvBgn8zQO5Kg0DcWuKB7268Kv1ocicw==",
      "license": "Apache-2.0",
      "peerDependencies": {
        "@solana/kit": "^2.1.0"
      }
    },
    "node_modules/@solana-program/token-2022": {
      "version": "0.4.0",
      "resolved": "https://registry.npmjs.org/@solana-program/token-2022/-/token-2022-0.4.0.tgz",
      "integrity": "sha512-rLcYyjeRq/dW62ju9X+gFYqIIRGuD4vXq6EwM9oQBoURFbFzyo12VUi6v0hNh0dRcru+kUx321qVCAfsWWV/ug==",
      "license": "Apache-2.0",
      "peerDependencies": {
        "@solana/kit": "^2.1.0",
        "@solana/sysvars": "^2.1.0"
      }
    },
    "node_modules/@solana/accounts": {
      "version": "2.1.0",
      "resolved": "https://registry.npmjs.org/@solana/accounts/-/accounts-2.1.0.tgz",
      "integrity": "sha512-1JOBiLFeIeHmGx7k1b23UWF9vM1HAh9GBMCzr5rBPrGSBs+QUgxBJ3+yrRg+UPEOSELubqo7qoOVFUKYsb1nXw==",
      "license": "MIT",
      "dependencies": {
        "@solana/addresses": "2.1.0",
        "@solana/codecs-core": "2.1.0",
        "@solana/codecs-strings": "2.1.0",
        "@solana/errors": "2.1.0",
        "@solana/rpc-spec": "2.1.0",
        "@solana/rpc-types": "2.1.0"
      },
      "engines": {
        "node": ">=20.18.0"
      },
      "peerDependencies": {
        "typescript": ">=5"
      }
    },
    "node_modules/@solana/addresses": {
      "version": "2.1.0",
      "resolved": "https://registry.npmjs.org/@solana/addresses/-/addresses-2.1.0.tgz",
      "integrity": "sha512-IgiRuju2yLz14GnrysOPSNZbZQ8F+7jhx7FYZLrbKogf6NX4wy4ijLHxRsLFqP8o8aY69BZULkM9MwrSjsZi7A==",
      "license": "MIT",
      "dependencies": {
        "@solana/assertions": "2.1.0",
        "@solana/codecs-core": "2.1.0",
        "@solana/codecs-strings": "2.1.0",
        "@solana/errors": "2.1.0"
      },
      "engines": {
        "node": ">=20.18.0"
      },
      "peerDependencies": {
        "typescript": ">=5"
      }
    },
    "node_modules/@solana/assertions": {
      "version": "2.1.0",
      "resolved": "https://registry.npmjs.org/@solana/assertions/-/assertions-2.1.0.tgz",
      "integrity": "sha512-KCYmxFRsg897Ec7yGdpc0rniOlqGD3NpicmIjWIV87uiXX5uFco4t+01sKyFlhsv4T4OgHxngMsxkfQ3AUkFVg==",
      "license": "MIT",
      "dependencies": {
        "@solana/errors": "2.1.0"
      },
      "engines": {
        "node": ">=20.18.0"
      },
      "peerDependencies": {
        "typescript": ">=5"
      }
    },
    "node_modules/@solana/codecs": {
      "version": "2.1.0",
      "resolved": "https://registry.npmjs.org/@solana/codecs/-/codecs-2.1.0.tgz",
      "integrity": "sha512-C0TnfrpbTg7zoIFYfM65ofeL2AWEz80OsD6mjVdcTKpb1Uj7XuBuNLss3dMnatPQaL7RagD9VLA5/WfYayyteQ==",
      "license": "MIT",
      "dependencies": {
        "@solana/codecs-core": "2.1.0",
        "@solana/codecs-data-structures": "2.1.0",
        "@solana/codecs-numbers": "2.1.0",
        "@solana/codecs-strings": "2.1.0",
        "@solana/options": "2.1.0"
      },
      "engines": {
        "node": ">=20.18.0"
      },
      "peerDependencies": {
        "typescript": ">=5"
      }
    },
    "node_modules/@solana/codecs-core": {
      "version": "2.1.0",
      "resolved": "https://registry.npmjs.org/@solana/codecs-core/-/codecs-core-2.1.0.tgz",
      "integrity": "sha512-SR7pKtmJBg2mhmkel2NeHA1pz06QeQXdMv8WJoIR9m8F/hw80K/612uaYbwTt2nkK0jg/Qn/rNSd7EcJ4SBGjw==",
      "license": "MIT",
      "dependencies": {
        "@solana/errors": "2.1.0"
      },
      "engines": {
        "node": ">=20.18.0"
      },
      "peerDependencies": {
        "typescript": ">=5"
      }
    },
    "node_modules/@solana/codecs-data-structures": {
      "version": "2.1.0",
      "resolved": "https://registry.npmjs.org/@solana/codecs-data-structures/-/codecs-data-structures-2.1.0.tgz",
      "integrity": "sha512-oDF5ek54kirqJ09q8k/qEpobBiWOhd3CkkGOTyfjsmTF/IGIigNbdYIakxV3+vudBeaNBw08y0XdBYI4JL/nqA==",
      "license": "MIT",
      "dependencies": {
        "@solana/codecs-core": "2.1.0",
        "@solana/codecs-numbers": "2.1.0",
        "@solana/errors": "2.1.0"
      },
      "engines": {
        "node": ">=20.18.0"
      },
      "peerDependencies": {
        "typescript": ">=5"
      }
    },
    "node_modules/@solana/codecs-numbers": {
      "version": "2.1.0",
      "resolved": "https://registry.npmjs.org/@solana/codecs-numbers/-/codecs-numbers-2.1.0.tgz",
      "integrity": "sha512-XMu4yw5iCgQnMKsxSWPPOrGgtaohmupN3eyAtYv3K3C/MJEc5V90h74k5B1GUCiHvcrdUDO9RclNjD9lgbjFag==",
      "license": "MIT",
      "dependencies": {
        "@solana/codecs-core": "2.1.0",
        "@solana/errors": "2.1.0"
      },
      "engines": {
        "node": ">=20.18.0"
      },
      "peerDependencies": {
        "typescript": ">=5"
      }
    },
    "node_modules/@solana/codecs-strings": {
      "version": "2.1.0",
      "resolved": "https://registry.npmjs.org/@solana/codecs-strings/-/codecs-strings-2.1.0.tgz",
      "integrity": "sha512-O/eJFLzFrHomcCR1Y5QbIqoPo7iaJaWNnIeskB4mVhVjLyjlJS4WtBP2NBRzM9uJXaXyOxxKroqqO9zFsHOpvQ==",
      "license": "MIT",
      "dependencies": {
        "@solana/codecs-core": "2.1.0",
        "@solana/codecs-numbers": "2.1.0",
        "@solana/errors": "2.1.0"
      },
      "engines": {
        "node": ">=20.18.0"
      },
      "peerDependencies": {
        "fastestsmallesttextencoderdecoder": "^1.0.22",
        "typescript": ">=5"
      }
    },
    "node_modules/@solana/errors": {
      "version": "2.1.0",
      "resolved": "https://registry.npmjs.org/@solana/errors/-/errors-2.1.0.tgz",
      "integrity": "sha512-l+GxAv0Ar4d3c3PlZdA9G++wFYZREEbbRyAFP8+n8HSg0vudCuzogh/13io6hYuUhG/9Ve8ARZNamhV7UScKNw==",
      "license": "MIT",
      "dependencies": {
        "chalk": "^5.3.0",
        "commander": "^13.1.0"
      },
      "bin": {
        "errors": "bin/cli.mjs"
      },
      "engines": {
        "node": ">=20.18.0"
      },
      "peerDependencies": {
        "typescript": ">=5"
      }
    },
    "node_modules/@solana/fast-stable-stringify": {
      "version": "2.1.0",
      "resolved": "https://registry.npmjs.org/@solana/fast-stable-stringify/-/fast-stable-stringify-2.1.0.tgz",
      "integrity": "sha512-a8vR92qbe/VsvQ1BpN3PIEwnoHD2fTHEwCJh9GG58z3R15RIjk73gc0khjcdg4U1tZwTJqWkvk8SbDIgGdOgMA==",
      "license": "MIT",
      "engines": {
        "node": ">=20.18.0"
      },
      "peerDependencies": {
        "typescript": ">=5"
      }
    },
    "node_modules/@solana/functional": {
      "version": "2.1.0",
      "resolved": "https://registry.npmjs.org/@solana/functional/-/functional-2.1.0.tgz",
      "integrity": "sha512-RVij8Av4F2uUOFcEC8n9lgD72e9gQMritmGHhMh+G91Xops4I6Few+oQ++XgSTiL2t3g3Cs0QZ13onZ0FL45FQ==",
      "license": "MIT",
      "engines": {
        "node": ">=20.18.0"
      },
      "peerDependencies": {
        "typescript": ">=5"
      }
    },
    "node_modules/@solana/instructions": {
      "version": "2.1.0",
      "resolved": "https://registry.npmjs.org/@solana/instructions/-/instructions-2.1.0.tgz",
      "integrity": "sha512-wfn6e7Rgm0Sw/Th1v/pXsKTvloZvAAQI7j1yc9WcIk9ngqH5p6LhqMMkrwYPB2oTk8+MMr7SZ4E+2eK2gL6ODA==",
      "license": "MIT",
      "dependencies": {
        "@solana/codecs-core": "2.1.0",
        "@solana/errors": "2.1.0"
      },
      "engines": {
        "node": ">=20.18.0"
      },
      "peerDependencies": {
        "typescript": ">=5"
      }
    },
    "node_modules/@solana/keys": {
      "version": "2.1.0",
      "resolved": "https://registry.npmjs.org/@solana/keys/-/keys-2.1.0.tgz",
      "integrity": "sha512-esY1+dlZjB18hZML5p+YPec29wi3HH0SzKx7RiqF//dI2cJ6vHfq3F+7ArbNnF6R2YCLFtl7DzS/tkqR2Xkxeg==",
      "license": "MIT",
      "dependencies": {
        "@solana/assertions": "2.1.0",
        "@solana/codecs-core": "2.1.0",
        "@solana/codecs-strings": "2.1.0",
        "@solana/errors": "2.1.0"
      },
      "engines": {
        "node": ">=20.18.0"
      },
      "peerDependencies": {
        "typescript": ">=5"
      }
    },
    "node_modules/@solana/kit": {
      "version": "2.1.0",
      "resolved": "https://registry.npmjs.org/@solana/kit/-/kit-2.1.0.tgz",
      "integrity": "sha512-vqaHROLKp89xdIbaKVG6BQ44uMN9E6/rSTeltkvquD2qdTObssafGDbAKVFjwZhlNO+sdzHDCLekGabn5VAL6A==",
      "license": "MIT",
      "dependencies": {
        "@solana/accounts": "2.1.0",
        "@solana/addresses": "2.1.0",
        "@solana/codecs": "2.1.0",
        "@solana/errors": "2.1.0",
        "@solana/functional": "2.1.0",
        "@solana/instructions": "2.1.0",
        "@solana/keys": "2.1.0",
        "@solana/programs": "2.1.0",
        "@solana/rpc": "2.1.0",
        "@solana/rpc-parsed-types": "2.1.0",
        "@solana/rpc-spec-types": "2.1.0",
        "@solana/rpc-subscriptions": "2.1.0",
        "@solana/rpc-types": "2.1.0",
        "@solana/signers": "2.1.0",
        "@solana/sysvars": "2.1.0",
        "@solana/transaction-confirmation": "2.1.0",
        "@solana/transaction-messages": "2.1.0",
        "@solana/transactions": "2.1.0"
      },
      "engines": {
        "node": ">=20.18.0"
      },
      "peerDependencies": {
        "typescript": ">=5"
      }
    },
    "node_modules/@solana/options": {
      "version": "2.1.0",
      "resolved": "https://registry.npmjs.org/@solana/options/-/options-2.1.0.tgz",
      "integrity": "sha512-T/vJCr8qnwK6HxriOPXCrx31IpA9ZYecxuOzQ3G74kIayED4spmpXp6PLtRYR/fo2LZ6UcgHN0qSgONnvwEweg==",
      "license": "MIT",
      "dependencies": {
        "@solana/codecs-core": "2.1.0",
        "@solana/codecs-data-structures": "2.1.0",
        "@solana/codecs-numbers": "2.1.0",
        "@solana/codecs-strings": "2.1.0",
        "@solana/errors": "2.1.0"
      },
      "engines": {
        "node": ">=20.18.0"
      },
      "peerDependencies": {
        "typescript": ">=5"
      }
    },
    "node_modules/@solana/programs": {
      "version": "2.1.0",
      "resolved": "https://registry.npmjs.org/@solana/programs/-/programs-2.1.0.tgz",
      "integrity": "sha512-9Y30/yUbTR99+QRN2ukNXQQTGY68oKmVrXnh/et6StM1JF5WHvAJqBigsHG5bt6KxTISoRuncBnH/IRnDqPxKg==",
      "license": "MIT",
      "dependencies": {
        "@solana/addresses": "2.1.0",
        "@solana/errors": "2.1.0"
      },
      "engines": {
        "node": ">=20.18.0"
      },
      "peerDependencies": {
        "typescript": ">=5"
      }
    },
    "node_modules/@solana/promises": {
      "version": "2.1.0",
      "resolved": "https://registry.npmjs.org/@solana/promises/-/promises-2.1.0.tgz",
      "integrity": "sha512-eQJaQXA2kD4dVyifzhslV3wOvq27fwOJ4az89BQ4Cz83zPbR94xOeDShwcXrKBYqaUf6XqH5MzdEo14t4tKAFQ==",
      "license": "MIT",
      "engines": {
        "node": ">=20.18.0"
      },
      "peerDependencies": {
        "typescript": ">=5"
      }
    },
    "node_modules/@solana/rpc": {
      "version": "2.1.0",
      "resolved": "https://registry.npmjs.org/@solana/rpc/-/rpc-2.1.0.tgz",
      "integrity": "sha512-myg9qAo6b2WKyHSMXURQykb+ZRnNEXBPLEcwRwkos8STzPPyRFg6ady2s0FCQQTtL/pVjanIU2bObZIzbMGugA==",
      "license": "MIT",
      "dependencies": {
        "@solana/errors": "2.1.0",
        "@solana/fast-stable-stringify": "2.1.0",
        "@solana/functional": "2.1.0",
        "@solana/rpc-api": "2.1.0",
        "@solana/rpc-spec": "2.1.0",
        "@solana/rpc-spec-types": "2.1.0",
        "@solana/rpc-transformers": "2.1.0",
        "@solana/rpc-transport-http": "2.1.0",
        "@solana/rpc-types": "2.1.0"
      },
      "engines": {
        "node": ">=20.18.0"
      },
      "peerDependencies": {
        "typescript": ">=5"
      }
    },
    "node_modules/@solana/rpc-api": {
      "version": "2.1.0",
      "resolved": "https://registry.npmjs.org/@solana/rpc-api/-/rpc-api-2.1.0.tgz",
      "integrity": "sha512-4yCnHYHFlz9VffivoY5q/HVeBjT59byB2gmg7UyC3ktxD28AlF9jjsE5tJKiapAKr2J3KWm0D/rH/QwW14cGeA==",
      "license": "MIT",
      "dependencies": {
        "@solana/addresses": "2.1.0",
        "@solana/codecs-core": "2.1.0",
        "@solana/codecs-strings": "2.1.0",
        "@solana/errors": "2.1.0",
        "@solana/keys": "2.1.0",
        "@solana/rpc-parsed-types": "2.1.0",
        "@solana/rpc-spec": "2.1.0",
        "@solana/rpc-transformers": "2.1.0",
        "@solana/rpc-types": "2.1.0",
        "@solana/transaction-messages": "2.1.0",
        "@solana/transactions": "2.1.0"
      },
      "engines": {
        "node": ">=20.18.0"
      },
      "peerDependencies": {
        "typescript": ">=5"
      }
    },
    "node_modules/@solana/rpc-parsed-types": {
      "version": "2.1.0",
      "resolved": "https://registry.npmjs.org/@solana/rpc-parsed-types/-/rpc-parsed-types-2.1.0.tgz",
      "integrity": "sha512-mRzHemxlWDS9p1fPQNKwL+1vEOUMG8peSUJb0X/NbM12yjowDNdzM++fkOgIyCKDPddfkcoNmNrQmr2jwjdN1Q==",
      "license": "MIT",
      "engines": {
        "node": ">=20.18.0"
      },
      "peerDependencies": {
        "typescript": ">=5"
      }
    },
    "node_modules/@solana/rpc-spec": {
      "version": "2.1.0",
      "resolved": "https://registry.npmjs.org/@solana/rpc-spec/-/rpc-spec-2.1.0.tgz",
      "integrity": "sha512-NPAIM5EY7Jke0mHnmoMpgCEb/nZKIo+bgVFK/u+z74gY0JnCNt0DfocStUUQtlhqSmTyoHamt3lfxp4GT2zXbA==",
      "license": "MIT",
      "dependencies": {
        "@solana/errors": "2.1.0",
        "@solana/rpc-spec-types": "2.1.0"
      },
      "engines": {
        "node": ">=20.18.0"
      },
      "peerDependencies": {
        "typescript": ">=5"
      }
    },
    "node_modules/@solana/rpc-spec-types": {
      "version": "2.1.0",
      "resolved": "https://registry.npmjs.org/@solana/rpc-spec-types/-/rpc-spec-types-2.1.0.tgz",
      "integrity": "sha512-NxcZ8piXMyCdbNUL6d36QJfL2UAQEN33StlGku0ltTVe1nrokZ5WRNjSPohU1fODlNaZzTvUFzvUkM1yGCkyzw==",
      "license": "MIT",
      "engines": {
        "node": ">=20.18.0"
      },
      "peerDependencies": {
        "typescript": ">=5"
      }
    },
    "node_modules/@solana/rpc-subscriptions": {
      "version": "2.1.0",
      "resolved": "https://registry.npmjs.org/@solana/rpc-subscriptions/-/rpc-subscriptions-2.1.0.tgz",
      "integrity": "sha512-dTyI03VlueE3s7mA/OBlA5l6yKUUKHMJd31tpzxV3AFnqE/QPS5NVrF/WY6pPBobLJiCP0UFOe7eR/MKP9SUCA==",
      "license": "MIT",
      "dependencies": {
        "@solana/errors": "2.1.0",
        "@solana/fast-stable-stringify": "2.1.0",
        "@solana/functional": "2.1.0",
        "@solana/promises": "2.1.0",
        "@solana/rpc-spec-types": "2.1.0",
        "@solana/rpc-subscriptions-api": "2.1.0",
        "@solana/rpc-subscriptions-channel-websocket": "2.1.0",
        "@solana/rpc-subscriptions-spec": "2.1.0",
        "@solana/rpc-transformers": "2.1.0",
        "@solana/rpc-types": "2.1.0",
        "@solana/subscribable": "2.1.0"
      },
      "engines": {
        "node": ">=20.18.0"
      },
      "peerDependencies": {
        "typescript": ">=5"
      }
    },
    "node_modules/@solana/rpc-subscriptions-api": {
      "version": "2.1.0",
      "resolved": "https://registry.npmjs.org/@solana/rpc-subscriptions-api/-/rpc-subscriptions-api-2.1.0.tgz",
      "integrity": "sha512-de1dBRSE2CUwoZHMXQ/0v7iC+/pG0+iYY8jLHGGNxtKrYbTnV08mXQbaAMrmv2Rk8ZFmfJWbqbYZ9dRWdO3P5g==",
      "license": "MIT",
      "dependencies": {
        "@solana/addresses": "2.1.0",
        "@solana/keys": "2.1.0",
        "@solana/rpc-subscriptions-spec": "2.1.0",
        "@solana/rpc-transformers": "2.1.0",
        "@solana/rpc-types": "2.1.0",
        "@solana/transaction-messages": "2.1.0",
        "@solana/transactions": "2.1.0"
      },
      "engines": {
        "node": ">=20.18.0"
      },
      "peerDependencies": {
        "typescript": ">=5"
      }
    },
    "node_modules/@solana/rpc-subscriptions-channel-websocket": {
      "version": "2.1.0",
      "resolved": "https://registry.npmjs.org/@solana/rpc-subscriptions-channel-websocket/-/rpc-subscriptions-channel-websocket-2.1.0.tgz",
      "integrity": "sha512-goJe9dv0cs967HJ382vSX8yapXgQzRHCmH323LsXrrpj/s3Eb3yUwJq7AcHgoh4gKIqyAfGybq/bE5Aa8Pcm9g==",
      "license": "MIT",
      "dependencies": {
        "@solana/errors": "2.1.0",
        "@solana/functional": "2.1.0",
        "@solana/rpc-subscriptions-spec": "2.1.0",
        "@solana/subscribable": "2.1.0"
      },
      "engines": {
        "node": ">=20.18.0"
      },
      "peerDependencies": {
        "typescript": ">=5",
        "ws": "^8.18.0"
      }
    },
    "node_modules/@solana/rpc-subscriptions-spec": {
      "version": "2.1.0",
      "resolved": "https://registry.npmjs.org/@solana/rpc-subscriptions-spec/-/rpc-subscriptions-spec-2.1.0.tgz",
      "integrity": "sha512-Uqasfd3Tlr22lC/Vy5dToF0e68dMKPdnt4ks7FwXuPdEbNRM/TDGb0GqG+bt/d3IIrNOCA5Y8vsE0nQHGrWG/w==",
      "license": "MIT",
      "dependencies": {
        "@solana/errors": "2.1.0",
        "@solana/promises": "2.1.0",
        "@solana/rpc-spec-types": "2.1.0",
        "@solana/subscribable": "2.1.0"
      },
      "engines": {
        "node": ">=20.18.0"
      },
      "peerDependencies": {
        "typescript": ">=5"
      }
    },
    "node_modules/@solana/rpc-transformers": {
      "version": "2.1.0",
      "resolved": "https://registry.npmjs.org/@solana/rpc-transformers/-/rpc-transformers-2.1.0.tgz",
      "integrity": "sha512-E2xPlaCu6tNO00v4HIJxJCYkoNwgVJYad5sxbIUZOQBWwXnWIcll2jUT4bWKpBGq5vFDYfkzRBr8Rco3DhfXqg==",
      "license": "MIT",
      "dependencies": {
        "@solana/errors": "2.1.0",
        "@solana/functional": "2.1.0",
        "@solana/rpc-spec-types": "2.1.0",
        "@solana/rpc-types": "2.1.0"
      },
      "engines": {
        "node": ">=20.18.0"
      },
      "peerDependencies": {
        "typescript": ">=5"
      }
    },
    "node_modules/@solana/rpc-transport-http": {
      "version": "2.1.0",
      "resolved": "https://registry.npmjs.org/@solana/rpc-transport-http/-/rpc-transport-http-2.1.0.tgz",
      "integrity": "sha512-E3UovTBid4/S8QDd9FkADVKfyG+v7CW5IqI4c27ZDKfazCsnDLLkqh98C6BvNCqi278HKBui4lI2GoFpCq89Pw==",
      "license": "MIT",
      "dependencies": {
        "@solana/errors": "2.1.0",
        "@solana/rpc-spec": "2.1.0",
        "@solana/rpc-spec-types": "2.1.0",
        "undici-types": "^7.3.0"
      },
      "engines": {
        "node": ">=20.18.0"
      },
      "peerDependencies": {
        "typescript": ">=5"
      }
    },
    "node_modules/@solana/rpc-types": {
      "version": "2.1.0",
      "resolved": "https://registry.npmjs.org/@solana/rpc-types/-/rpc-types-2.1.0.tgz",
      "integrity": "sha512-1ODnhmpR1X/GjB7hs4gVR3mcCagfPQV0dzq/2DNuCiMjx2snn64KP5WoAHfBEyoC9/Rb36+JpNj/hLAOikipKA==",
      "license": "MIT",
      "dependencies": {
        "@solana/addresses": "2.1.0",
        "@solana/codecs-core": "2.1.0",
        "@solana/codecs-numbers": "2.1.0",
        "@solana/codecs-strings": "2.1.0",
        "@solana/errors": "2.1.0"
      },
      "engines": {
        "node": ">=20.18.0"
      },
      "peerDependencies": {
        "typescript": ">=5"
      }
    },
    "node_modules/@solana/signers": {
      "version": "2.1.0",
      "resolved": "https://registry.npmjs.org/@solana/signers/-/signers-2.1.0.tgz",
      "integrity": "sha512-Yq0JdJnCecRsSBshNWy+OIRmAGeVfjwIh9Z+H1jv8u8p+dJCOreKakTWuxMt5tnj3q5K1mPcak9O2PqVPZ0teA==",
      "license": "MIT",
      "dependencies": {
        "@solana/addresses": "2.1.0",
        "@solana/codecs-core": "2.1.0",
        "@solana/errors": "2.1.0",
        "@solana/instructions": "2.1.0",
        "@solana/keys": "2.1.0",
        "@solana/transaction-messages": "2.1.0",
        "@solana/transactions": "2.1.0"
      },
      "engines": {
        "node": ">=20.18.0"
      },
      "peerDependencies": {
        "typescript": ">=5"
      }
    },
    "node_modules/@solana/subscribable": {
      "version": "2.1.0",
      "resolved": "https://registry.npmjs.org/@solana/subscribable/-/subscribable-2.1.0.tgz",
      "integrity": "sha512-xi12Cm889+uT5sRKnIzr7nLnHAp3hiR3dqIzrT1P7z7iEGp8OnqUQIQCHlgozFHM2cPW+6685NQXk1l1ImuJIw==",
      "license": "MIT",
      "dependencies": {
        "@solana/errors": "2.1.0"
      },
      "engines": {
        "node": ">=20.18.0"
      },
      "peerDependencies": {
        "typescript": ">=5"
      }
    },
    "node_modules/@solana/sysvars": {
      "version": "2.1.0",
      "resolved": "https://registry.npmjs.org/@solana/sysvars/-/sysvars-2.1.0.tgz",
      "integrity": "sha512-GXu9yS0zIebmM1Unqw/XFpYuvug03m42w98ioOPV/yiHzECggGRGpHGD9RLVYnkyz0eL4NRbnJ5dAEu/fvGe0A==",
      "license": "MIT",
      "dependencies": {
        "@solana/accounts": "2.1.0",
        "@solana/codecs": "2.1.0",
        "@solana/errors": "2.1.0",
        "@solana/rpc-types": "2.1.0"
      },
      "engines": {
        "node": ">=20.18.0"
      },
      "peerDependencies": {
        "typescript": ">=5"
      }
    },
    "node_modules/@solana/transaction-confirmation": {
      "version": "2.1.0",
      "resolved": "https://registry.npmjs.org/@solana/transaction-confirmation/-/transaction-confirmation-2.1.0.tgz",
      "integrity": "sha512-VxOvtvs2e9h5u73PHyE2TptLAMO5x6dOXlOgvq1Nk6l3rKM2HAsd+KDpN7gjOo8/EgItMMmyEilXygWWRgpSIA==",
      "license": "MIT",
      "dependencies": {
        "@solana/addresses": "2.1.0",
        "@solana/codecs-strings": "2.1.0",
        "@solana/errors": "2.1.0",
        "@solana/keys": "2.1.0",
        "@solana/promises": "2.1.0",
        "@solana/rpc": "2.1.0",
        "@solana/rpc-subscriptions": "2.1.0",
        "@solana/rpc-types": "2.1.0",
        "@solana/transaction-messages": "2.1.0",
        "@solana/transactions": "2.1.0"
      },
      "engines": {
        "node": ">=20.18.0"
      },
      "peerDependencies": {
        "typescript": ">=5"
      }
    },
    "node_modules/@solana/transaction-messages": {
      "version": "2.1.0",
      "resolved": "https://registry.npmjs.org/@solana/transaction-messages/-/transaction-messages-2.1.0.tgz",
      "integrity": "sha512-+GPzZHLYNFbqHKoiL8mYALp7eAXtAbI6zLViZpIM3zUbVNU3q5+FCKGv6jCBnxs+3QCbeapu+W1OyfDa6BUtTQ==",
      "license": "MIT",
      "dependencies": {
        "@solana/addresses": "2.1.0",
        "@solana/codecs-core": "2.1.0",
        "@solana/codecs-data-structures": "2.1.0",
        "@solana/codecs-numbers": "2.1.0",
        "@solana/errors": "2.1.0",
        "@solana/functional": "2.1.0",
        "@solana/instructions": "2.1.0",
        "@solana/rpc-types": "2.1.0"
      },
      "engines": {
        "node": ">=20.18.0"
      },
      "peerDependencies": {
        "typescript": ">=5"
      }
    },
    "node_modules/@solana/transactions": {
      "version": "2.1.0",
      "resolved": "https://registry.npmjs.org/@solana/transactions/-/transactions-2.1.0.tgz",
      "integrity": "sha512-QeM4sCItReeIy5LU7LhGkz7RPfMPTg/Qo8h0LSfhiJiPTOHOhElmh42vkLJmwPl83+MsKtisyPQNK6penM2nAw==",
      "license": "MIT",
      "dependencies": {
        "@solana/addresses": "2.1.0",
        "@solana/codecs-core": "2.1.0",
        "@solana/codecs-data-structures": "2.1.0",
        "@solana/codecs-numbers": "2.1.0",
        "@solana/codecs-strings": "2.1.0",
        "@solana/errors": "2.1.0",
        "@solana/functional": "2.1.0",
        "@solana/instructions": "2.1.0",
        "@solana/keys": "2.1.0",
        "@solana/rpc-types": "2.1.0",
        "@solana/transaction-messages": "2.1.0"
      },
      "engines": {
        "node": ">=20.18.0"
      },
      "peerDependencies": {
        "typescript": ">=5"
      }
    },
    "node_modules/@types/d3-color": {
      "version": "3.1.3",
      "resolved": "https://registry.npmjs.org/@types/d3-color/-/d3-color-3.1.3.tgz",
      "integrity": "sha512-iO90scth9WAbmgv7ogoq57O9YpKmFBbmoEoCHDB2xMBY0+/KVrqAaCDyCE16dUspeOvIxFFRI+0sEtqDqy2b4A==",
      "license": "MIT"
    },
    "node_modules/@types/d3-drag": {
      "version": "3.0.7",
      "resolved": "https://registry.npmjs.org/@types/d3-drag/-/d3-drag-3.0.7.tgz",
      "integrity": "sha512-HE3jVKlzU9AaMazNufooRJ5ZpWmLIoc90A37WU2JMmeq28w1FQqCZswHZ3xR+SuxYftzHq6WU6KJHvqxKzTxxQ==",
      "license": "MIT",
      "dependencies": {
        "@types/d3-selection": "*"
      }
    },
    "node_modules/@types/d3-interpolate": {
      "version": "3.0.4",
      "resolved": "https://registry.npmjs.org/@types/d3-interpolate/-/d3-interpolate-3.0.4.tgz",
      "integrity": "sha512-mgLPETlrpVV1YRJIglr4Ez47g7Yxjl1lj7YKsiMCb27VJH9W8NVM6Bb9d8kkpG/uAQS5AmbA48q2IAolKKo1MA==",
      "license": "MIT",
      "dependencies": {
        "@types/d3-color": "*"
      }
    },
    "node_modules/@types/d3-selection": {
      "version": "3.0.11",
      "resolved": "https://registry.npmjs.org/@types/d3-selection/-/d3-selection-3.0.11.tgz",
      "integrity": "sha512-bhAXu23DJWsrI45xafYpkQ4NtcKMwWnAC/vKrd2l+nxMFuvOT3XMYTIj2opv8vq8AO5Yh7Qac/nSeP/3zjTK0w==",
      "license": "MIT"
    },
    "node_modules/@types/d3-transition": {
      "version": "3.0.9",
      "resolved": "https://registry.npmjs.org/@types/d3-transition/-/d3-transition-3.0.9.tgz",
      "integrity": "sha512-uZS5shfxzO3rGlu0cC3bjmMFKsXv+SmZZcgp0KD22ts4uGXp5EVYGzu/0YdwZeKmddhcAccYtREJKkPfXkZuCg==",
      "license": "MIT",
      "dependencies": {
        "@types/d3-selection": "*"
      }
    },
    "node_modules/@types/d3-zoom": {
      "version": "3.0.8",
      "resolved": "https://registry.npmjs.org/@types/d3-zoom/-/d3-zoom-3.0.8.tgz",
      "integrity": "sha512-iqMC4/YlFCSlO8+2Ii1GGGliCAY4XdeG748w5vQUbevlbDu0zSjH/+jojorQVBK/se0j6DUFNPBGSqD3YWYnDw==",
      "license": "MIT",
      "dependencies": {
        "@types/d3-interpolate": "*",
        "@types/d3-selection": "*"
      }
    },
    "node_modules/@xyflow/react": {
      "version": "12.4.4",
      "integrity": "sha512-9RZ9dgKZNJOlbrXXST5HPb5TcXPOIDGondjwcjDro44OQRPl1E0ZRPTeWPGaQtVjbg4WpR4BUYwOeshNI2TuVg==",
      "dependencies": {
        "@xyflow/system": "0.0.52",
        "classcat": "^5.0.3",
        "zustand": "^4.4.0"
      },
      "peerDependencies": {
        "react": ">=17",
        "react-dom": ">=17"
      }
    },
    "node_modules/@xyflow/system": {
      "version": "0.0.52",
      "resolved": "https://registry.npmjs.org/@xyflow/system/-/system-0.0.52.tgz",
      "integrity": "sha512-pJBMaoh/GEebIABWEIxAai0yf57dm+kH7J/Br+LnLFPuJL87Fhcmm4KFWd/bCUy/kCWUg+2/yFAGY0AUHRPOnQ==",
      "license": "MIT",
      "dependencies": {
        "@types/d3-drag": "^3.0.7",
        "@types/d3-selection": "^3.0.10",
        "@types/d3-transition": "^3.0.8",
        "@types/d3-zoom": "^3.0.8",
        "d3-drag": "^3.0.0",
        "d3-selection": "^3.0.0",
        "d3-zoom": "^3.0.0"
      }
    },
    "node_modules/chalk": {
      "version": "5.4.1",
      "resolved": "https://registry.npmjs.org/chalk/-/chalk-5.4.1.tgz",
      "integrity": "sha512-zgVZuo2WcZgfUEmsn6eO3kINexW8RAE4maiQ8QNs8CtpPCSyMiYsULR3HQYkm3w8FIA3SberyMJMSldGsW+U3w==",
      "license": "MIT",
      "engines": {
        "node": "^12.17.0 || ^14.13 || >=16.0.0"
      },
      "funding": {
        "url": "https://github.com/chalk/chalk?sponsor=1"
      }
    },
    "node_modules/classcat": {
      "version": "5.0.5",
      "resolved": "https://registry.npmjs.org/classcat/-/classcat-5.0.5.tgz",
      "integrity": "sha512-JhZUT7JFcQy/EzW605k/ktHtncoo9vnyW/2GspNYwFlN1C/WmjuV/xtS04e9SOkL2sTdw0VAZ2UGCcQ9lR6p6w==",
      "license": "MIT"
    },
    "node_modules/commander": {
      "version": "13.1.0",
      "resolved": "https://registry.npmjs.org/commander/-/commander-13.1.0.tgz",
      "integrity": "sha512-/rFeCpNJQbhSZjGVwO9RFV3xPqbnERS8MmIQzCtD/zl6gpJuV/bMLuN92oG3F7d8oDEHHRrujSXNUr8fpjntKw==",
      "license": "MIT",
      "engines": {
        "node": ">=18"
      }
    },
    "node_modules/d3-color": {
      "version": "3.1.0",
      "resolved": "https://registry.npmjs.org/d3-color/-/d3-color-3.1.0.tgz",
      "integrity": "sha512-zg/chbXyeBtMQ1LbD/WSoW2DpC3I0mpmPdW+ynRTj/x2DAWYrIY7qeZIHidozwV24m4iavr15lNwIwLxRmOxhA==",
      "license": "ISC",
      "engines": {
        "node": ">=12"
      }
    },
    "node_modules/d3-dispatch": {
      "version": "3.0.1",
      "resolved": "https://registry.npmjs.org/d3-dispatch/-/d3-dispatch-3.0.1.tgz",
      "integrity": "sha512-rzUyPU/S7rwUflMyLc1ETDeBj0NRuHKKAcvukozwhshr6g6c5d8zh4c2gQjY2bZ0dXeGLWc1PF174P2tVvKhfg==",
      "license": "ISC",
      "engines": {
        "node": ">=12"
      }
    },
    "node_modules/d3-drag": {
      "version": "3.0.0",
      "resolved": "https://registry.npmjs.org/d3-drag/-/d3-drag-3.0.0.tgz",
      "integrity": "sha512-pWbUJLdETVA8lQNJecMxoXfH6x+mO2UQo8rSmZ+QqxcbyA3hfeprFgIT//HW2nlHChWeIIMwS2Fq+gEARkhTkg==",
      "license": "ISC",
      "dependencies": {
        "d3-dispatch": "1 - 3",
        "d3-selection": "3"
      },
      "engines": {
        "node": ">=12"
      }
    },
    "node_modules/d3-ease": {
      "version": "3.0.1",
      "resolved": "https://registry.npmjs.org/d3-ease/-/d3-ease-3.0.1.tgz",
      "integrity": "sha512-wR/XK3D3XcLIZwpbvQwQ5fK+8Ykds1ip7A2Txe0yxncXSdq1L9skcG7blcedkOX+ZcgxGAmLX1FrRGbADwzi0w==",
      "license": "BSD-3-Clause",
      "engines": {
        "node": ">=12"
      }
    },
    "node_modules/d3-interpolate": {
      "version": "3.0.1",
      "resolved": "https://registry.npmjs.org/d3-interpolate/-/d3-interpolate-3.0.1.tgz",
      "integrity": "sha512-3bYs1rOD33uo8aqJfKP3JWPAibgw8Zm2+L9vBKEHJ2Rg+viTR7o5Mmv5mZcieN+FRYaAOWX5SJATX6k1PWz72g==",
      "license": "ISC",
      "dependencies": {
        "d3-color": "1 - 3"
      },
      "engines": {
        "node": ">=12"
      }
    },
    "node_modules/d3-selection": {
      "version": "3.0.0",
      "resolved": "https://registry.npmjs.org/d3-selection/-/d3-selection-3.0.0.tgz",
      "integrity": "sha512-fmTRWbNMmsmWq6xJV8D19U/gw/bwrHfNXxrIN+HfZgnzqTHp9jOmKMhsTUjXOJnZOdZY9Q28y4yebKzqDKlxlQ==",
      "license": "ISC",
      "engines": {
        "node": ">=12"
      }
    },
    "node_modules/d3-timer": {
      "version": "3.0.1",
      "resolved": "https://registry.npmjs.org/d3-timer/-/d3-timer-3.0.1.tgz",
      "integrity": "sha512-ndfJ/JxxMd3nw31uyKoY2naivF+r29V+Lc0svZxe1JvvIRmi8hUsrMvdOwgS1o6uBHmiz91geQ0ylPP0aj1VUA==",
      "license": "ISC",
      "engines": {
        "node": ">=12"
      }
    },
    "node_modules/d3-transition": {
      "version": "3.0.1",
      "resolved": "https://registry.npmjs.org/d3-transition/-/d3-transition-3.0.1.tgz",
      "integrity": "sha512-ApKvfjsSR6tg06xrL434C0WydLr7JewBB3V+/39RMHsaXTOG0zmt/OAXeng5M5LBm0ojmxJrpomQVZ1aPvBL4w==",
      "license": "ISC",
      "dependencies": {
        "d3-color": "1 - 3",
        "d3-dispatch": "1 - 3",
        "d3-ease": "1 - 3",
        "d3-interpolate": "1 - 3",
        "d3-timer": "1 - 3"
      },
      "engines": {
        "node": ">=12"
      },
      "peerDependencies": {
        "d3-selection": "2 - 3"
      }
    },
    "node_modules/d3-zoom": {
      "version": "3.0.0",
      "resolved": "https://registry.npmjs.org/d3-zoom/-/d3-zoom-3.0.0.tgz",
      "integrity": "sha512-b8AmV3kfQaqWAuacbPuNbL6vahnOJflOhexLzMMNLga62+/nh0JzvJ0aO/5a5MVgUFGS7Hu1P9P03o3fJkDCyw==",
      "license": "ISC",
      "dependencies": {
        "d3-dispatch": "1 - 3",
        "d3-drag": "2 - 3",
        "d3-interpolate": "1 - 3",
        "d3-selection": "2 - 3",
        "d3-transition": "2 - 3"
      },
      "engines": {
        "node": ">=12"
      }
    },
    "node_modules/fastestsmallesttextencoderdecoder": {
      "version": "1.0.22",
      "resolved": "https://registry.npmjs.org/fastestsmallesttextencoderdecoder/-/fastestsmallesttextencoderdecoder-1.0.22.tgz",
      "integrity": "sha512-Pb8d48e+oIuY4MaM64Cd7OW1gt4nxCHs7/ddPPZ/Ic3sg8yVGM7O9wDvZ7us6ScaUupzM+pfBolwtYhN1IxBIw==",
      "license": "CC0-1.0",
      "peer": true
    },
    "node_modules/react": {
      "version": "19.1.0",
      "resolved": "https://registry.npmjs.org/react/-/react-19.1.0.tgz",
      "integrity": "sha512-FS+XFBNvn3GTAWq26joslQgWNoFu08F4kl0J4CgdNKADkdSGXQyTCnKteIAJy96Br6YbpEU1LSzV5dYtjMkMDg==",
      "license": "MIT",
      "peer": true,
      "engines": {
        "node": ">=0.10.0"
      }
    },
    "node_modules/react-dom": {
      "version": "19.1.0",
      "resolved": "https://registry.npmjs.org/react-dom/-/react-dom-19.1.0.tgz",
      "integrity": "sha512-Xs1hdnE+DyKgeHJeJznQmYMIBG3TKIHJJT95Q58nHLSrElKlGQqDTR2HQ9fx5CN/Gk6Vh/kupBTDLU11/nDk/g==",
      "license": "MIT",
      "peer": true,
      "dependencies": {
        "scheduler": "^0.26.0"
      },
      "peerDependencies": {
        "react": "^19.1.0"
      }
    },
    "node_modules/scheduler": {
      "version": "0.26.0",
      "resolved": "https://registry.npmjs.org/scheduler/-/scheduler-0.26.0.tgz",
      "integrity": "sha512-NlHwttCI/l5gCPR3D1nNXtWABUmBwvZpEQiD4IXSbIDq8BzLIK/7Ir5gTFSGZDUu37K5cMNp0hFtzO38sC7gWA==",
      "license": "MIT",
      "peer": true
    },
    "node_modules/typescript": {
      "version": "5.8.2",
      "resolved": "https://registry.npmjs.org/typescript/-/typescript-5.8.2.tgz",
      "integrity": "sha512-aJn6wq13/afZp/jT9QZmwEjDqqvSGp1VT5GVg+f/t6/oVyrgXM6BY1h9BRh/O5p3PlUPAe+WuiEZOmb/49RqoQ==",
      "license": "Apache-2.0",
      "peer": true,
      "bin": {
        "tsc": "bin/tsc",
        "tsserver": "bin/tsserver"
      },
      "engines": {
        "node": ">=14.17"
      }
    },
    "node_modules/undici-types": {
      "version": "7.7.0",
      "resolved": "https://registry.npmjs.org/undici-types/-/undici-types-7.7.0.tgz",
      "integrity": "sha512-9zJ2zD8nHfvO3zn1Xm9seFc+ATCmdtcNc7umXyMk6xj9fp+COVCNlH3pq2ZrFLVaBKLDTlvXLTq88+knkNs+BQ==",
      "license": "MIT"
    },
    "node_modules/use-sync-external-store": {
      "version": "1.5.0",
      "resolved": "https://registry.npmjs.org/use-sync-external-store/-/use-sync-external-store-1.5.0.tgz",
      "integrity": "sha512-Rb46I4cGGVBmjamjphe8L/UnvJD+uPPtTkNvX5mZgqdbavhI4EbgIWJiIHXJ8bc/i9EQGPRh4DwEURJ552Do0A==",
      "license": "MIT",
      "peerDependencies": {
        "react": "^16.8.0 || ^17.0.0 || ^18.0.0 || ^19.0.0"
      }
    },
    "node_modules/ws": {
      "version": "8.18.1",
      "resolved": "https://registry.npmjs.org/ws/-/ws-8.18.1.tgz",
      "integrity": "sha512-RKW2aJZMXeMxVpnZ6bck+RswznaxmzdULiBr6KY7XkTnW8uvt0iT9H5DkHUChXrc+uurzwa0rVI16n/Xzjdz1w==",
      "license": "MIT",
      "peer": true,
      "engines": {
        "node": ">=10.0.0"
      },
      "peerDependencies": {
        "bufferutil": "^4.0.1",
        "utf-8-validate": ">=5.0.2"
      },
      "peerDependenciesMeta": {
        "bufferutil": {
          "optional": true
        },
        "utf-8-validate": {
          "optional": true
        }
      }
    },
    "node_modules/zustand": {
      "version": "4.5.6",
      "resolved": "https://registry.npmjs.org/zustand/-/zustand-4.5.6.tgz",
      "integrity": "sha512-ibr/n1hBzLLj5Y+yUcU7dYw8p6WnIVzdJbnX+1YpaScvZVF2ziugqHs+LAmHw4lWO9c/zRj+K1ncgWDQuthEdQ==",
      "license": "MIT",
      "dependencies": {
        "use-sync-external-store": "^1.2.2"
      },
      "engines": {
        "node": ">=12.7.0"
      },
      "peerDependencies": {
        "@types/react": ">=16.8",
        "immer": ">=9.0.6",
        "react": ">=16.8"
      },
      "peerDependenciesMeta": {
        "@types/react": {
          "optional": true
        },
        "immer": {
          "optional": true
        },
        "react": {
          "optional": true
        }
      }
    }
  }
}
