{
  "name": "src",
  "lockfileVersion": 3,
  "requires": true,
  "packages": {
    "": {
      "dependencies": {
        "@xyflow/react": "^12.4.4"
      }
    },
    "node_modules/@xyflow/react": {
      "version": "12.4.4",
      "integrity": "sha512-9RZ9dgKZNJOlbrXXST5HPb5TcXPOIDGondjwcjDro44OQRPl1E0ZRPTeWPGaQtVjbg4WpR4BUYwOeshNI2TuVg==",
      "dependencies": {
        "@xyflow/system": "0.0.52",
        "classcat": "^5.0.3",
        "zustand": "^4.4.0"
      },
      "peerDependencies": {
        "react": ">=17",
        "react-dom": ">=17"
      }
    }
  }
}
